// !$*UTF8*$!
{
	archiveVersion = 1;
	classes = {
	};
	objectVersion = 50;
	objects = {

/* Begin PBXBuildFile section */
		33F7172722DCDB420085238C /* AppDelegate.swift in Sources */ = {isa = PBXBuildFile; fileRef = 33F7172622DCDB420085238C /* AppDelegate.swift */; };
		33F7172922DCDB420085238C /* RainbowTableVC.swift in Sources */ = {isa = PBXBuildFile; fileRef = 33F7172822DCDB420085238C /* RainbowTableVC.swift */; };
		33F7172C22DCDB420085238C /* Main.storyboard in Resources */ = {isa = PBXBuildFile; fileRef = 33F7172A22DCDB420085238C /* Main.storyboard */; };
		33F7172E22DCDB440085238C /* Assets.xcassets in Resources */ = {isa = PBXBuildFile; fileRef = 33F7172D22DCDB440085238C /* Assets.xcassets */; };
		33F7173122DCDB440085238C /* LaunchScreen.storyboard in Resources */ = {isa = PBXBuildFile; fileRef = 33F7172F22DCDB440085238C /* LaunchScreen.storyboard */; };
		33F7173C22DCDBA50085238C /* MyColor.swift in Sources */ = {isa = PBXBuildFile; fileRef = 33F7173B22DCDBA50085238C /* MyColor.swift */; };
		33F7173E22DCDC0C0085238C /* ColorDetailViewController.swift in Sources */ = {isa = PBXBuildFile; fileRef = 33F7173D22DCDC0C0085238C /* ColorDetailViewController.swift */; };
/* End PBXBuildFile section */

/* Begin PBXFileReference section */
		33F7172322DCDB420085238C /* Rainblow.app */ = {isa = PBXFileReference; explicitFileType = wrapper.application; includeInIndex = 0; path = Rainblow.app; sourceTree = BUILT_PRODUCTS_DIR; };
		33F7172622DCDB420085238C /* AppDelegate.swift */ = {isa = PBXFileReference; lastKnownFileType = sourcecode.swift; path = AppDelegate.swift; sourceTree = "<group>"; };
		33F7172822DCDB420085238C /* RainbowTableVC.swift */ = {isa = PBXFileReference; lastKnownFileType = sourcecode.swift; path = RainbowTableVC.swift; sourceTree = "<group>"; };
		33F7172B22DCDB420085238C /* Base */ = {isa = PBXFileReference; lastKnownFileType = file.storyboard; name = Base; path = Base.lproj/Main.storyboard; sourceTree = "<group>"; };
		33F7172D22DCDB440085238C /* Assets.xcassets */ = {isa = PBXFileReference; lastKnownFileType = folder.assetcatalog; path = Assets.xcassets; sourceTree = "<group>"; };
		33F7173022DCDB440085238C /* Base */ = {isa = PBXFileReference; lastKnownFileType = file.storyboard; name = Base; path = Base.lproj/LaunchScreen.storyboard; sourceTree = "<group>"; };
		33F7173222DCDB440085238C /* Info.plist */ = {isa = PBXFileReference; lastKnownFileType = text.plist.xml; path = Info.plist; sourceTree = "<group>"; };
		33F7173B22DCDBA50085238C /* MyColor.swift */ = {isa = PBXFileReference; lastKnownFileType = sourcecode.swift; path = MyColor.swift; sourceTree = "<group>"; };
		33F7173D22DCDC0C0085238C /* ColorDetailViewController.swift */ = {isa = PBXFileReference; lastKnownFileType = sourcecode.swift; path = ColorDetailViewController.swift; sourceTree = "<group>"; };
/* End PBXFileReference section */

/* Begin PBXFrameworksBuildPhase section */
		33F7172022DCDB420085238C /* Frameworks */ = {
			isa = PBXFrameworksBuildPhase;
			buildActionMask = 2147483647;
			files = (
			);
			runOnlyForDeploymentPostprocessing = 0;
		};
/* End PBXFrameworksBuildPhase section */

/* Begin PBXGroup section */
		33F7171A22DCDB420085238C = {
			isa = PBXGroup;
			children = (
				33F7172522DCDB420085238C /* Rainblow */,
				33F7172422DCDB420085238C /* Products */,
			);
			sourceTree = "<group>";
		};
		33F7172422DCDB420085238C /* Products */ = {
			isa = PBXGroup;
			children = (
				33F7172322DCDB420085238C /* Rainblow.app */,
			);
			name = Products;
			sourceTree = "<group>";
		};
		33F7172522DCDB420085238C /* Rainblow */ = {
			isa = PBXGroup;
			children = (
				33F7173A22DCDB950085238C /* Models */,
				33F7173822DCDB890085238C /* ViewControllers */,
				33F7172622DCDB420085238C /* AppDelegate.swift */,
				33F7172A22DCDB420085238C /* Main.storyboard */,
				33F7172D22DCDB440085238C /* Assets.xcassets */,
				33F7172F22DCDB440085238C /* LaunchScreen.storyboard */,
				33F7173222DCDB440085238C /* Info.plist */,
			);
			path = Rainblow;
			sourceTree = "<group>";
		};
		33F7173822DCDB890085238C /* ViewControllers */ = {
			isa = PBXGroup;
			children = (
				33F7172822DCDB420085238C /* RainbowTableVC.swift */,
				33F7173D22DCDC0C0085238C /* ColorDetailViewController.swift */,
			);
			path = ViewControllers;
			sourceTree = "<group>";
		};
		33F7173A22DCDB950085238C /* Models */ = {
			isa = PBXGroup;
			children = (
				33F7173B22DCDBA50085238C /* MyColor.swift */,
			);
			path = Models;
			sourceTree = "<group>";
		};
/* End PBXGroup section */

/* Begin PBXNativeTarget section */
		33F7172222DCDB420085238C /* Rainblow */ = {
			isa = PBXNativeTarget;
			buildConfigurationList = 33F7173522DCDB440085238C /* Build configuration list for PBXNativeTarget "Rainblow" */;
			buildPhases = (
				33F7171F22DCDB420085238C /* Sources */,
				33F7172022DCDB420085238C /* Frameworks */,
				33F7172122DCDB420085238C /* Resources */,
			);
			buildRules = (
			);
			dependencies = (
			);
			name = Rainblow;
			productName = Rainblow;
			productReference = 33F7172322DCDB420085238C /* Rainblow.app */;
			productType = "com.apple.product-type.application";
		};
/* End PBXNativeTarget section */

/* Begin PBXProject section */
		33F7171B22DCDB420085238C /* Project object */ = {
			isa = PBXProject;
			attributes = {
				LastSwiftUpdateCheck = 1020;
				LastUpgradeCheck = 1020;
				ORGANIZATIONNAME = "Red_Egg Productions";
				TargetAttributes = {
					33F7172222DCDB420085238C = {
						CreatedOnToolsVersion = 10.2.1;
					};
				};
			};
			buildConfigurationList = 33F7171E22DCDB420085238C /* Build configuration list for PBXProject "Rainblow" */;
			compatibilityVersion = "Xcode 9.3";
			developmentRegion = en;
			hasScannedForEncodings = 0;
			knownRegions = (
				en,
				Base,
			);
			mainGroup = 33F7171A22DCDB420085238C;
			productRefGroup = 33F7172422DCDB420085238C /* Products */;
			projectDirPath = "";
			projectRoot = "";
			targets = (
				33F7172222DCDB420085238C /* Rainblow */,
			);
		};
/* End PBXProject section */

/* Begin PBXResourcesBuildPhase section */
		33F7172122DCDB420085238C /* Resources */ = {
			isa = PBXResourcesBuildPhase;
			buildActionMask = 2147483647;
			files = (
				33F7173122DCDB440085238C /* LaunchScreen.storyboard in Resources */,
				33F7172E22DCDB440085238C /* Assets.xcassets in Resources */,
				33F7172C22DCDB420085238C /* Main.storyboard in Resources */,
			);
			runOnlyForDeploymentPostprocessing = 0;
		};
/* End PBXResourcesBuildPhase section */

/* Begin PBXSourcesBuildPhase section */
		33F7171F22DCDB420085238C /* Sources */ = {
			isa = PBXSourcesBuildPhase;
			buildActionMask = 2147483647;
			files = (
				33F7172922DCDB420085238C /* RainbowTableVC.swift in Sources */,
				33F7172722DCDB420085238C /* AppDelegate.swift in Sources */,
				33F7173C22DCDBA50085238C /* MyColor.swift in Sources */,
				33F7173E22DCDC0C0085238C /* ColorDetailViewController.swift in Sources */,
			);
			runOnlyForDeploymentPostprocessing = 0;
		};
/* End PBXSourcesBuildPhase section */

/* Begin PBXVariantGroup section */
		33F7172A22DCDB420085238C /* Main.storyboard */ = {
			isa = PBXVariantGroup;
			children = (
				33F7172B22DCDB420085238C /* Base */,
			);
			name = Main.storyboard;
			sourceTree = "<group>";
		};
		33F7172F22DCDB440085238C /* LaunchScreen.storyboard */ = {
			isa = PBXVariantGroup;
			children = (
				33F7173022DCDB440085238C /* Base */,
			);
			name = LaunchScreen.storyboard;
			sourceTree = "<group>";
		};
/* End PBXVariantGroup section */

/* Begin XCBuildConfiguration section */
		33F7173322DCDB440085238C /* Debug */ = {
			isa = XCBuildConfiguration;
			buildSettings = {
				ALWAYS_SEARCH_USER_PATHS = NO;
				CLANG_ANALYZER_NONNULL = YES;
				CLANG_ANALYZER_NUMBER_OBJECT_CONVERSION = YES_AGGRESSIVE;
				CLANG_CXX_LANGUAGE_STANDARD = "gnu++14";
				CLANG_CXX_LIBRARY = "libc++";
				CLANG_ENABLE_MODULES = YES;
				CLANG_ENABLE_OBJC_ARC = YES;
				CLANG_ENABLE_OBJC_WEAK = YES;
				CLANG_WARN_BLOCK_CAPTURE_AUTORELEASING = YES;
				CLANG_WARN_BOOL_CONVERSION = YES;
				CLANG_WARN_COMMA = YES;
				CLANG_WARN_CONSTANT_CONVERSION = YES;
				CLANG_WARN_DEPRECATED_OBJC_IMPLEMENTATIONS = YES;
				CLANG_WARN_DIRECT_OBJC_ISA_USAGE = YES_ERROR;
				CLANG_WARN_DOCUMENTATION_COMMENTS = YES;
				CLANG_WARN_EMPTY_BODY = YES;
				CLANG_WARN_ENUM_CONVERSION = YES;
				CLANG_WARN_INFINITE_RECURSION = YES;
				CLANG_WARN_INT_CONVERSION = YES;
				CLANG_WARN_NON_LITERAL_NULL_CONVERSION = YES;
				CLANG_WARN_OBJC_IMPLICIT_RETAIN_SELF = YES;
				CLANG_WARN_OBJC_LITERAL_CONVERSION = YES;
				CLANG_WARN_OBJC_ROOT_CLASS = YES_ERROR;
				CLANG_WARN_RANGE_LOOP_ANALYSIS = YES;
				CLANG_WARN_STRICT_PROTOTYPES = YES;
				CLANG_WARN_SUSPICIOUS_MOVE = YES;
				CLANG_WARN_UNGUARDED_AVAILABILITY = YES_AGGRESSIVE;
				CLANG_WARN_UNREACHABLE_CODE = YES;
				CLANG_WARN__DUPLICATE_METHOD_MATCH = YES;
				CODE_SIGN_IDENTITY = "iPhone Developer";
				COPY_PHASE_STRIP = NO;
				DEBUG_INFORMATION_FORMAT = dwarf;
				ENABLE_STRICT_OBJC_MSGSEND = YES;
				ENABLE_TESTABILITY = YES;
				GCC_C_LANGUAGE_STANDARD = gnu11;
				GCC_DYNAMIC_NO_PIC = NO;
				GCC_NO_COMMON_BLOCKS = YES;
				GCC_OPTIMIZATION_LEVEL = 0;
				GCC_PREPROCESSOR_DEFINITIONS = (
					"DEBUG=1",
					"$(inherited)",
				);
				GCC_WARN_64_TO_32_BIT_CONVERSION = YES;
				GCC_WARN_ABOUT_RETURN_TYPE = YES_ERROR;
				GCC_WARN_UNDECLARED_SELECTOR = YES;
				GCC_WARN_UNINITIALIZED_AUTOS = YES_AGGRESSIVE;
				GCC_WARN_UNUSED_FUNCTION = YES;
				GCC_WARN_UNUSED_VARIABLE = YES;
				IPHONEOS_DEPLOYMENT_TARGET = 12.2;
				MTL_ENABLE_DEBUG_INFO = INCLUDE_SOURCE;
				MTL_FAST_MATH = YES;
				ONLY_ACTIVE_ARCH = YES;
				SDKROOT = iphoneos;
				SWIFT_ACTIVE_COMPILATION_CONDITIONS = DEBUG;
				SWIFT_OPTIMIZATION_LEVEL = "-Onone";
			};
			name = Debug;
		};
		33F7173422DCDB440085238C /* Release */ = {
			isa = XCBuildConfiguration;
			buildSettings = {
				ALWAYS_SEARCH_USER_PATHS = NO;
				CLANG_ANALYZER_NONNULL = YES;
				CLANG_ANALYZER_NUMBER_OBJECT_CONVERSION = YES_AGGRESSIVE;
				CLANG_CXX_LANGUAGE_STANDARD = "gnu++14";
				CLANG_CXX_LIBRARY = "libc++";
				CLANG_ENABLE_MODULES = YES;
				CLANG_ENABLE_OBJC_ARC = YES;
				CLANG_ENABLE_OBJC_WEAK = YES;
				CLANG_WARN_BLOCK_CAPTURE_AUTORELEASING = YES;
				CLANG_WARN_BOOL_CONVERSION = YES;
				CLANG_WARN_COMMA = YES;
				CLANG_WARN_CONSTANT_CONVERSION = YES;
				CLANG_WARN_DEPRECATED_OBJC_IMPLEMENTATIONS = YES;
				CLANG_WARN_DIRECT_OBJC_ISA_USAGE = YES_ERROR;
				CLANG_WARN_DOCUMENTATION_COMMENTS = YES;
				CLANG_WARN_EMPTY_BODY = YES;
				CLANG_WARN_ENUM_CONVERSION = YES;
				CLANG_WARN_INFINITE_RECURSION = YES;
				CLANG_WARN_INT_CONVERSION = YES;
				CLANG_WARN_NON_LITERAL_NULL_CONVERSION = YES;
				CLANG_WARN_OBJC_IMPLICIT_RETAIN_SELF = YES;
				CLANG_WARN_OBJC_LITERAL_CONVERSION = YES;
				CLANG_WARN_OBJC_ROOT_CLASS = YES_ERROR;
				CLANG_WARN_RANGE_LOOP_ANALYSIS = YES;
				CLANG_WARN_STRICT_PROTOTYPES = YES;
				CLANG_WARN_SUSPICIOUS_MOVE = YES;
				CLANG_WARN_UNGUARDED_AVAILABILITY = YES_AGGRESSIVE;
				CLANG_WARN_UNREACHABLE_CODE = YES;
				CLANG_WARN__DUPLICATE_METHOD_MATCH = YES;
				CODE_SIGN_IDENTITY = "iPhone Developer";
				COPY_PHASE_STRIP = NO;
				DEBUG_INFORMATION_FORMAT = "dwarf-with-dsym";
				ENABLE_NS_ASSERTIONS = NO;
				ENABLE_STRICT_OBJC_MSGSEND = YES;
				GCC_C_LANGUAGE_STANDARD = gnu11;
				GCC_NO_COMMON_BLOCKS = YES;
				GCC_WARN_64_TO_32_BIT_CONVERSION = YES;
				GCC_WARN_ABOUT_RETURN_TYPE = YES_ERROR;
				GCC_WARN_UNDECLARED_SELECTOR = YES;
				GCC_WARN_UNINITIALIZED_AUTOS = YES_AGGRESSIVE;
				GCC_WARN_UNUSED_FUNCTION = YES;
				GCC_WARN_UNUSED_VARIABLE = YES;
				IPHONEOS_DEPLOYMENT_TARGET = 12.2;
				MTL_ENABLE_DEBUG_INFO = NO;
				MTL_FAST_MATH = YES;
				SDKROOT = iphoneos;
				SWIFT_COMPILATION_MODE = wholemodule;
				SWIFT_OPTIMIZATION_LEVEL = "-O";
				VALIDATE_PRODUCT = YES;
			};
			name = Release;
		};
		33F7173622DCDB440085238C /* Debug */ = {
			isa = XCBuildConfiguration;
			buildSettings = {
				ASSETCATALOG_COMPILER_APPICON_NAME = AppIcon;
				CODE_SIGN_STYLE = Automatic;
				DEVELOPMENT_TEAM = L5UZAT7KA9;
				INFOPLIST_FILE = Rainblow/Info.plist;
				LD_RUNPATH_SEARCH_PATHS = (
					"$(inherited)",
					"@executable_path/Frameworks",
				);
				PRODUCT_BUNDLE_IDENTIFIER = com.redeggproductions.Rainblow;
				PRODUCT_NAME = "$(TARGET_NAME)";
				SWIFT_VERSION = 5.0;
				TARGETED_DEVICE_FAMILY = "1,2";
			};
			name = Debug;
		};
		33F7173722DCDB440085238C /* Release */ = {
			isa = XCBuildConfiguration;
			buildSettings = {
				ASSETCATALOG_COMPILER_APPICON_NAME = AppIcon;
				CODE_SIGN_STYLE = Automatic;
				DEVELOPMENT_TEAM = L5UZAT7KA9;
				INFOPLIST_FILE = Rainblow/Info.plist;
				LD_RUNPATH_SEARCH_PATHS = (
					"$(inherited)",
					"@executable_path/Frameworks",
				);
				PRODUCT_BUNDLE_IDENTIFIER = com.redeggproductions.Rainblow;
				PRODUCT_NAME = "$(TARGET_NAME)";
				SWIFT_VERSION = 5.0;
				TARGETED_DEVICE_FAMILY = "1,2";
			};
			name = Release;
		};
/* End XCBuildConfiguration section */

/* Begin XCConfigurationList section */
		33F7171E22DCDB420085238C /* Build configuration list for PBXProject "Rainblow" */ = {
			isa = XCConfigurationList;
			buildConfigurations = (
				33F7173322DCDB440085238C /* Debug */,
				33F7173422DCDB440085238C /* Release */,
			);
			defaultConfigurationIsVisible = 0;
			defaultConfigurationName = Release;
		};
		33F7173522DCDB440085238C /* Build configuration list for PBXNativeTarget "Rainblow" */ = {
			isa = XCConfigurationList;
			buildConfigurations = (
				33F7173622DCDB440085238C /* Debug */,
				33F7173722DCDB440085238C /* Release */,
			);
			defaultConfigurationIsVisible = 0;
			defaultConfigurationName = Release;
		};
/* End XCConfigurationList section */
	};
	rootObject = 33F7171B22DCDB420085238C /* Project object */;
}
